
Microsoft Visual Studio Solution File, Format Version 12.00
# Visual Studio Version 17
VisualStudioVersion = 17.0.31611.283
MinimumVisualStudioVersion = 10.0.40219.1
Project("{9A19103F-16F7-4668-BE54-9A1E7A4F7556}") = "MauiSample", "MauiSample.csproj", "{5FC8B720-814B-4854-BB13-C8F6C9575407}"
EndProject
Project("{9A19103F-16F7-4668-BE54-9A1E7A4F7556}") = "Maui.Tabs", "..\Maui.Tabs\Maui.Tabs.csproj", "{528FB5B5-CBFA-4820-B915-937F2578807C}"
EndProject
Project("{2150E333-8FDC-42A3-9474-1A3956D46DE8}") = "configuration", "configuration", "{BED4D695-52B4-4682-BECC-780F39FF50FA}"
	ProjectSection(SolutionItems) = preProject
		..\LICENSE = ..\LICENSE
		..\make-package.ps1 = ..\make-package.ps1
		..\README.md = ..\README.md
		..\Sharpnado.Tabs.nuspec = ..\Sharpnado.Tabs.nuspec
	EndProjectSection
EndProject
Project("{9A19103F-16F7-4668-BE54-9A1E7A4F7556}") = "MauiShellSample", "..\MauiShellSample\MauiShellSample.csproj", "{75F26D59-6560-4B75-94ED-7A1947BEBF9A}"
EndProject
Global
	GlobalSection(SolutionConfigurationPlatforms) = preSolution
		Debug|Any CPU = Debug|Any CPU
		Release|Any CPU = Release|Any CPU
	EndGlobalSection
	GlobalSection(ProjectConfigurationPlatforms) = postSolution
		{5FC8B720-814B-4854-BB13-C8F6C9575407}.Debug|Any CPU.ActiveCfg = Debug|Any CPU
		{5FC8B720-814B-4854-BB13-C8F6C9575407}.Debug|Any CPU.Build.0 = Debug|Any CPU
		{5FC8B720-814B-4854-BB13-C8F6C9575407}.Debug|Any CPU.Deploy.0 = Debug|Any CPU
		{5FC8B720-814B-4854-BB13-C8F6C9575407}.Release|Any CPU.ActiveCfg = Release|Any CPU
		{5FC8B720-814B-4854-BB13-C8F6C9575407}.Release|Any CPU.Build.0 = Release|Any CPU
		{5FC8B720-814B-4854-BB13-C8F6C9575407}.Release|Any CPU.Deploy.0 = Release|Any CPU
		{528FB5B5-CBFA-4820-B915-937F2578807C}.Debug|Any CPU.ActiveCfg = Debug|Any CPU
		{528FB5B5-CBFA-4820-B915-937F2578807C}.Debug|Any CPU.Build.0 = Debug|Any CPU
		{528FB5B5-CBFA-4820-B915-937F2578807C}.Release|Any CPU.ActiveCfg = Release|Any CPU
		{528FB5B5-CBFA-4820-B915-937F2578807C}.Release|Any CPU.Build.0 = Release|Any CPU
		{75F26D59-6560-4B75-94ED-7A1947BEBF9A}.Debug|Any CPU.ActiveCfg = Debug|Any CPU
		{75F26D59-6560-4B75-94ED-7A1947BEBF9A}.Debug|Any CPU.Build.0 = Debug|Any CPU
		{75F26D59-6560-4B75-94ED-7A1947BEBF9A}.Debug|Any CPU.Deploy.0 = Debug|Any CPU
		{75F26D59-6560-4B75-94ED-7A1947BEBF9A}.Release|Any CPU.ActiveCfg = Release|Any CPU
		{75F26D59-6560-4B75-94ED-7A1947BEBF9A}.Release|Any CPU.Build.0 = Release|Any CPU
	EndGlobalSection
	GlobalSection(SolutionProperties) = preSolution
		HideSolutionNode = FALSE
	EndGlobalSection
	GlobalSection(ExtensibilityGlobals) = postSolution
		SolutionGuid = {61F7FB11-1E47-470C-91E2-47F8143E1572}
	EndGlobalSection
EndGlobal
